
Microsoft Visual Studio Solution File, Format Version 12.00
# Visual Studio Version 16
VisualStudioVersion = 16.0.31624.102
MinimumVisualStudioVersion = 10.0.40219.1
Project("{FAE04EC0-301F-11D3-BF4B-00C04F79EFBC}") = "EmarketingApp", "EmarketingApp.csproj", "{81EF8101-CD15-4344-98A0-82C5C9CC5392}"
EndProject
Global
	GlobalSection(SolutionConfigurationPlatforms) = preSolution
		Debug|Any CPU = Debug|Any CPU
		Release|Any CPU = Release|Any CPU
	EndGlobalSection
	GlobalSection(ProjectConfigurationPlatforms) = postSolution
		{81EF8101-CD15-4344-98A0-82C5C9CC5392}.Debug|Any CPU.ActiveCfg = Debug|Any CPU
		{81EF8101-CD15-4344-98A0-82C5C9CC5392}.Debug|Any CPU.Build.0 = Debug|Any CPU
		{81EF8101-CD15-4344-98A0-82C5C9CC5392}.Release|Any CPU.ActiveCfg = Release|Any CPU
		{81EF8101-CD15-4344-98A0-82C5C9CC5392}.Release|Any CPU.Build.0 = Release|Any CPU
	EndGlobalSection
	GlobalSection(SolutionProperties) = preSolution
		HideSolutionNode = FALSE
	EndGlobalSection
	GlobalSection(ExtensibilityGlobals) = postSolution
		SolutionGuid = {529C5D7A-4055-4CC9-845A-07B49EAC7821}
	EndGlobalSection
EndGlobal
